// !$*UTF8*$!
{
	archiveVersion = 1;
	classes = {
	};
	objectVersion = 50;
	objects = {

/* Begin PBXBuildFile section */
		B56C005421144B0200AD6CD5 /* libyaml_static.a in Frameworks */ = {isa = PBXBuildFile; fileRef = B56C003621144AF500AD6CD5 /* libyaml_static.a */; };
		B56CFFF0211447C700AD6CD5 /* main.c in Sources */ = {isa = PBXBuildFile; fileRef = B56CFFEF211447C700AD6CD5 /* main.c */; };
/* End PBXBuildFile section */

/* Begin PBXContainerItemProxy section */
		B56C003521144AF500AD6CD5 /* PBXContainerItemProxy */ = {
			isa = PBXContainerItemProxy;
			containerPortal = B56C001C21144AF500AD6CD5 /* yaml.xcodeproj */;
			proxyType = 2;
			remoteGlobalIDString = D56189B9C6474C90927CEC8B;
			remoteInfo = yaml;
		};
		B56C003721144AF500AD6CD5 /* PBXContainerItemProxy */ = {
			isa = PBXContainerItemProxy;
			containerPortal = B56C001C21144AF500AD6CD5 /* yaml.xcodeproj */;
			proxyType = 2;
			remoteGlobalIDString = 939B0A9613FD4858AA71278B;
			remoteInfo = "example-deconstructor";
		};
		B56C003921144AF500AD6CD5 /* PBXContainerItemProxy */ = {
			isa = PBXContainerItemProxy;
			containerPortal = B56C001C21144AF500AD6CD5 /* yaml.xcodeproj */;
			proxyType = 2;
			remoteGlobalIDString = 577FFA583EAC4B2A8A4109FE;
			remoteInfo = "example-deconstructor-alt";
		};
		B56C003B21144AF500AD6CD5 /* PBXContainerItemProxy */ = {
			isa = PBXContainerItemProxy;
			containerPortal = B56C001C21144AF500AD6CD5 /* yaml.xcodeproj */;
			proxyType = 2;
			remoteGlobalIDString = D52730E504AF4E9D976D4DE6;
			remoteInfo = "example-reformatter";
		};
		B56C003D21144AF500AD6CD5 /* PBXContainerItemProxy */ = {
			isa = PBXContainerItemProxy;
			containerPortal = B56C001C21144AF500AD6CD5 /* yaml.xcodeproj */;
			proxyType = 2;
			remoteGlobalIDString = C52CC337540B4CAFAF0F8980;
			remoteInfo = "example-reformatter-alt";
		};
		B56C003F21144AF500AD6CD5 /* PBXContainerItemProxy */ = {
			isa = PBXContainerItemProxy;
			containerPortal = B56C001C21144AF500AD6CD5 /* yaml.xcodeproj */;
			proxyType = 2;
			remoteGlobalIDString = FF51EA25F450483AAC2F9DCC;
			remoteInfo = "run-dumper";
		};
		B56C004121144AF500AD6CD5 /* PBXContainerItemProxy */ = {
			isa = PBXContainerItemProxy;
			containerPortal = B56C001C21144AF500AD6CD5 /* yaml.xcodeproj */;
			proxyType = 2;
			remoteGlobalIDString = 1A50C210E5D748E2AAE81817;
			remoteInfo = "run-emitter";
		};
		B56C004321144AF500AD6CD5 /* PBXContainerItemProxy */ = {
			isa = PBXContainerItemProxy;
			containerPortal = B56C001C21144AF500AD6CD5 /* yaml.xcodeproj */;
			proxyType = 2;
			remoteGlobalIDString = 8CCE87598F9447189ED82629;
			remoteInfo = "run-emitter-test-suite";
		};
		B56C004521144AF500AD6CD5 /* PBXContainerItemProxy */ = {
			isa = PBXContainerItemProxy;
			containerPortal = B56C001C21144AF500AD6CD5 /* yaml.xcodeproj */;
			proxyType = 2;
			remoteGlobalIDString = 846F8A731A7D4C27ACE972AD;
			remoteInfo = "run-loader";
		};
		B56C004721144AF500AD6CD5 /* PBXContainerItemProxy */ = {
			isa = PBXContainerItemProxy;
			containerPortal = B56C001C21144AF500AD6CD5 /* yaml.xcodeproj */;
			proxyType = 2;
			remoteGlobalIDString = 32DA2DA914434C5CAE5F4D05;
			remoteInfo = "run-parser";
		};
		B56C004921144AF500AD6CD5 /* PBXContainerItemProxy */ = {
			isa = PBXContainerItemProxy;
			containerPortal = B56C001C21144AF500AD6CD5 /* yaml.xcodeproj */;
			proxyType = 2;
			remoteGlobalIDString = 8F09E02D47D5466B87512637;
			remoteInfo = "run-parser-test-suite";
		};
		B56C004B21144AF500AD6CD5 /* PBXContainerItemProxy */ = {
			isa = PBXContainerItemProxy;
			containerPortal = B56C001C21144AF500AD6CD5 /* yaml.xcodeproj */;
			proxyType = 2;
			remoteGlobalIDString = E5E153EB9E38458D809446EC;
			remoteInfo = "run-scanner";
		};
		B56C004D21144AF500AD6CD5 /* PBXContainerItemProxy */ = {
			isa = PBXContainerItemProxy;
			containerPortal = B56C001C21144AF500AD6CD5 /* yaml.xcodeproj */;
			proxyType = 2;
			remoteGlobalIDString = DE87B8C1E3CF4B868FBD7BCC;
			remoteInfo = "test-reader";
		};
		B56C004F21144AF500AD6CD5 /* PBXContainerItemProxy */ = {
			isa = PBXContainerItemProxy;
			containerPortal = B56C001C21144AF500AD6CD5 /* yaml.xcodeproj */;
			proxyType = 2;
			remoteGlobalIDString = 16B7F2C3A0BA49018D88ADD5;
			remoteInfo = "test-version";
		};
		B56C005121144AFF00AD6CD5 /* PBXContainerItemProxy */ = {
			isa = PBXContainerItemProxy;
			containerPortal = B56C001C21144AF500AD6CD5 /* yaml.xcodeproj */;
			proxyType = 1;
			remoteGlobalIDString = F5C8BC3D845747ABA1FCA005;
			remoteInfo = yaml;
		};
/* End PBXContainerItemProxy section */

/* Begin PBXCopyFilesBuildPhase section */
		B56CFFEA211447C700AD6CD5 /* CopyFiles */ = {
			isa = PBXCopyFilesBuildPhase;
			buildActionMask = 2147483647;
			dstPath = /usr/share/man/man1/;
			dstSubfolderSpec = 0;
			files = (
			);
			runOnlyForDeploymentPostprocessing = 1;
		};
/* End PBXCopyFilesBuildPhase section */

/* Begin PBXFileReference section */
		B56C001C21144AF500AD6CD5 /* yaml.xcodeproj */ = {isa = PBXFileReference; lastKnownFileType = "wrapper.pb-project"; name = yaml.xcodeproj; path = "../libyaml-master/yaml.xcodeproj"; sourceTree = "<group>"; };
		B56C005721144B2200AD6CD5 /* config.h */ = {isa = PBXFileReference; lastKnownFileType = sourcecode.c.h; path = config.h; sourceTree = "<group>"; };
		B56C005921144B2200AD6CD5 /* yaml.h */ = {isa = PBXFileReference; lastKnownFileType = sourcecode.c.h; path = yaml.h; sourceTree = "<group>"; };
		B56CFFEC211447C700AD6CD5 /* YamlToC */ = {isa = PBXFileReference; explicitFileType = "compiled.mach-o.executable"; includeInIndex = 0; path = YamlToC; sourceTree = BUILT_PRODUCTS_DIR; };
		B56CFFEF211447C700AD6CD5 /* main.c */ = {isa = PBXFileReference; lastKnownFileType = sourcecode.c.c; path = main.c; sourceTree = "<group>"; };
/* End PBXFileReference section */

/* Begin PBXFrameworksBuildPhase section */
		B56CFFE9211447C700AD6CD5 /* Frameworks */ = {
			isa = PBXFrameworksBuildPhase;
			buildActionMask = 2147483647;
			files = (
				B56C005421144B0200AD6CD5 /* libyaml_static.a in Frameworks */,
			);
			runOnlyForDeploymentPostprocessing = 0;
		};
/* End PBXFrameworksBuildPhase section */

/* Begin PBXGroup section */
		B56C001D21144AF500AD6CD5 /* Products */ = {
			isa = PBXGroup;
			children = (
				B56C003621144AF500AD6CD5 /* libyaml_static.a */,
				B56C003821144AF500AD6CD5 /* example-deconstructor */,
				B56C003A21144AF500AD6CD5 /* example-deconstructor-alt */,
				B56C003C21144AF500AD6CD5 /* example-reformatter */,
				B56C003E21144AF500AD6CD5 /* example-reformatter-alt */,
				B56C004021144AF500AD6CD5 /* run-dumper */,
				B56C004221144AF500AD6CD5 /* run-emitter */,
				B56C004421144AF500AD6CD5 /* run-emitter-test-suite */,
				B56C004621144AF500AD6CD5 /* run-loader */,
				B56C004821144AF500AD6CD5 /* run-parser */,
				B56C004A21144AF500AD6CD5 /* run-parser-test-suite */,
				B56C004C21144AF500AD6CD5 /* run-scanner */,
				B56C004E21144AF500AD6CD5 /* test-reader */,
				B56C005021144AF500AD6CD5 /* test-version */,
			);
			name = Products;
			sourceTree = "<group>";
		};
		B56C005321144B0200AD6CD5 /* Frameworks */ = {
			isa = PBXGroup;
			children = (
			);
			name = Frameworks;
			sourceTree = "<group>";
		};
		B56C005521144B0C00AD6CD5 /* yaml */ = {
			isa = PBXGroup;
			children = (
				B56C005621144B2200AD6CD5 /* include */,
			);
			name = yaml;
			sourceTree = "<group>";
		};
		B56C005621144B2200AD6CD5 /* include */ = {
			isa = PBXGroup;
			children = (
				B56C005721144B2200AD6CD5 /* config.h */,
				B56C005921144B2200AD6CD5 /* yaml.h */,
			);
			name = include;
			path = "../libyaml-master/include";
			sourceTree = "<group>";
		};
		B56CFFE3211447C700AD6CD5 = {
			isa = PBXGroup;
			children = (
				B56C005521144B0C00AD6CD5 /* yaml */,
				B56C001C21144AF500AD6CD5 /* yaml.xcodeproj */,
				B56CFFEE211447C700AD6CD5 /* YamlToC */,
				B56CFFED211447C700AD6CD5 /* Products */,
				B56C005321144B0200AD6CD5 /* Frameworks */,
			);
			sourceTree = "<group>";
		};
		B56CFFED211447C700AD6CD5 /* Products */ = {
			isa = PBXGroup;
			children = (
				B56CFFEC211447C700AD6CD5 /* YamlToC */,
			);
			name = Products;
			sourceTree = "<group>";
		};
		B56CFFEE211447C700AD6CD5 /* YamlToC */ = {
			isa = PBXGroup;
			children = (
				B56CFFEF211447C700AD6CD5 /* main.c */,
			);
			path = YamlToC;
			sourceTree = "<group>";
		};
/* End PBXGroup section */

/* Begin PBXNativeTarget section */
		B56CFFEB211447C700AD6CD5 /* YamlToC */ = {
			isa = PBXNativeTarget;
			buildConfigurationList = B56CFFF3211447C700AD6CD5 /* Build configuration list for PBXNativeTarget "YamlToC" */;
			buildPhases = (
				B56CFFE8211447C700AD6CD5 /* Sources */,
				B56CFFE9211447C700AD6CD5 /* Frameworks */,
				B56CFFEA211447C700AD6CD5 /* CopyFiles */,
			);
			buildRules = (
			);
			dependencies = (
				B56C005221144AFF00AD6CD5 /* PBXTargetDependency */,
			);
			name = YamlToC;
			productName = YamlToC;
			productReference = B56CFFEC211447C700AD6CD5 /* YamlToC */;
			productType = "com.apple.product-type.tool";
		};
/* End PBXNativeTarget section */

/* Begin PBXProject section */
		B56CFFE4211447C700AD6CD5 /* Project object */ = {
			isa = PBXProject;
			attributes = {
				LastUpgradeCheck = 0940;
				ORGANIZATIONNAME = "Konstantin Merker, Paul Wallrabe und Martin Krautschick GbR (Imps Apps)";
				TargetAttributes = {
					B56CFFEB211447C700AD6CD5 = {
						CreatedOnToolsVersion = 9.4.1;
					};
				};
			};
			buildConfigurationList = B56CFFE7211447C700AD6CD5 /* Build configuration list for PBXProject "YamlToC" */;
			compatibilityVersion = "Xcode 9.3";
			developmentRegion = en;
			hasScannedForEncodings = 0;
			knownRegions = (
				en,
			);
			mainGroup = B56CFFE3211447C700AD6CD5;
			productRefGroup = B56CFFED211447C700AD6CD5 /* Products */;
			projectDirPath = "";
			projectReferences = (
				{
					ProductGroup = B56C001D21144AF500AD6CD5 /* Products */;
					ProjectRef = B56C001C21144AF500AD6CD5 /* yaml.xcodeproj */;
				},
			);
			projectRoot = "";
			targets = (
				B56CFFEB211447C700AD6CD5 /* YamlToC */,
			);
		};
/* End PBXProject section */

/* Begin PBXReferenceProxy section */
		B56C003621144AF500AD6CD5 /* libyaml_static.a */ = {
			isa = PBXReferenceProxy;
			fileType = archive.ar;
			path = libyaml_static.a;
			remoteRef = B56C003521144AF500AD6CD5 /* PBXContainerItemProxy */;
			sourceTree = BUILT_PRODUCTS_DIR;
		};
		B56C003821144AF500AD6CD5 /* example-deconstructor */ = {
			isa = PBXReferenceProxy;
			fileType = "compiled.mach-o.executable";
			path = "example-deconstructor";
			remoteRef = B56C003721144AF500AD6CD5 /* PBXContainerItemProxy */;
			sourceTree = BUILT_PRODUCTS_DIR;
		};
		B56C003A21144AF500AD6CD5 /* example-deconstructor-alt */ = {
			isa = PBXReferenceProxy;
			fileType = "compiled.mach-o.executable";
			path = "example-deconstructor-alt";
			remoteRef = B56C003921144AF500AD6CD5 /* PBXContainerItemProxy */;
			sourceTree = BUILT_PRODUCTS_DIR;
		};
		B56C003C21144AF500AD6CD5 /* example-reformatter */ = {
			isa = PBXReferenceProxy;
			fileType = "compiled.mach-o.executable";
			path = "example-reformatter";
			remoteRef = B56C003B21144AF500AD6CD5 /* PBXContainerItemProxy */;
			sourceTree = BUILT_PRODUCTS_DIR;
		};
		B56C003E21144AF500AD6CD5 /* example-reformatter-alt */ = {
			isa = PBXReferenceProxy;
			fileType = "compiled.mach-o.executable";
			path = "example-reformatter-alt";
			remoteRef = B56C003D21144AF500AD6CD5 /* PBXContainerItemProxy */;
			sourceTree = BUILT_PRODUCTS_DIR;
		};
		B56C004021144AF500AD6CD5 /* run-dumper */ = {
			isa = PBXReferenceProxy;
			fileType = "compiled.mach-o.executable";
			path = "run-dumper";
			remoteRef = B56C003F21144AF500AD6CD5 /* PBXContainerItemProxy */;
			sourceTree = BUILT_PRODUCTS_DIR;
		};
		B56C004221144AF500AD6CD5 /* run-emitter */ = {
			isa = PBXReferenceProxy;
			fileType = "compiled.mach-o.executable";
			path = "run-emitter";
			remoteRef = B56C004121144AF500AD6CD5 /* PBXContainerItemProxy */;
			sourceTree = BUILT_PRODUCTS_DIR;
		};
		B56C004421144AF500AD6CD5 /* run-emitter-test-suite */ = {
			isa = PBXReferenceProxy;
			fileType = "compiled.mach-o.executable";
			path = "run-emitter-test-suite";
			remoteRef = B56C004321144AF500AD6CD5 /* PBXContainerItemProxy */;
			sourceTree = BUILT_PRODUCTS_DIR;
		};
		B56C004621144AF500AD6CD5 /* run-loader */ = {
			isa = PBXReferenceProxy;
			fileType = "compiled.mach-o.executable";
			path = "run-loader";
			remoteRef = B56C004521144AF500AD6CD5 /* PBXContainerItemProxy */;
			sourceTree = BUILT_PRODUCTS_DIR;
		};
		B56C004821144AF500AD6CD5 /* run-parser */ = {
			isa = PBXReferenceProxy;
			fileType = "compiled.mach-o.executable";
			path = "run-parser";
			remoteRef = B56C004721144AF500AD6CD5 /* PBXContainerItemProxy */;
			sourceTree = BUILT_PRODUCTS_DIR;
		};
		B56C004A21144AF500AD6CD5 /* run-parser-test-suite */ = {
			isa = PBXReferenceProxy;
			fileType = "compiled.mach-o.executable";
			path = "run-parser-test-suite";
			remoteRef = B56C004921144AF500AD6CD5 /* PBXContainerItemProxy */;
			sourceTree = BUILT_PRODUCTS_DIR;
		};
		B56C004C21144AF500AD6CD5 /* run-scanner */ = {
			isa = PBXReferenceProxy;
			fileType = "compiled.mach-o.executable";
			path = "run-scanner";
			remoteRef = B56C004B21144AF500AD6CD5 /* PBXContainerItemProxy */;
			sourceTree = BUILT_PRODUCTS_DIR;
		};
		B56C004E21144AF500AD6CD5 /* test-reader */ = {
			isa = PBXReferenceProxy;
			fileType = "compiled.mach-o.executable";
			path = "test-reader";
			remoteRef = B56C004D21144AF500AD6CD5 /* PBXContainerItemProxy */;
			sourceTree = BUILT_PRODUCTS_DIR;
		};
		B56C005021144AF500AD6CD5 /* test-version */ = {
			isa = PBXReferenceProxy;
			fileType = "compiled.mach-o.executable";
			path = "test-version";
			remoteRef = B56C004F21144AF500AD6CD5 /* PBXContainerItemProxy */;
			sourceTree = BUILT_PRODUCTS_DIR;
		};
/* End PBXReferenceProxy section */

/* Begin PBXSourcesBuildPhase section */
		B56CFFE8211447C700AD6CD5 /* Sources */ = {
			isa = PBXSourcesBuildPhase;
			buildActionMask = 2147483647;
			files = (
				B56CFFF0211447C700AD6CD5 /* main.c in Sources */,
			);
			runOnlyForDeploymentPostprocessing = 0;
		};
/* End PBXSourcesBuildPhase section */

/* Begin PBXTargetDependency section */
		B56C005221144AFF00AD6CD5 /* PBXTargetDependency */ = {
			isa = PBXTargetDependency;
			name = yaml;
			targetProxy = B56C005121144AFF00AD6CD5 /* PBXContainerItemProxy */;
		};
/* End PBXTargetDependency section */

/* Begin XCBuildConfiguration section */
		B56CFFF1211447C700AD6CD5 /* Debug */ = {
			isa = XCBuildConfiguration;
			buildSettings = {
				ALWAYS_SEARCH_USER_PATHS = NO;
				CLANG_ANALYZER_NONNULL = YES;
				CLANG_ANALYZER_NUMBER_OBJECT_CONVERSION = YES_AGGRESSIVE;
				CLANG_CXX_LANGUAGE_STANDARD = "gnu++14";
				CLANG_CXX_LIBRARY = "libc++";
				CLANG_ENABLE_MODULES = YES;
				CLANG_ENABLE_OBJC_ARC = YES;
				CLANG_ENABLE_OBJC_WEAK = YES;
				CLANG_WARN_BLOCK_CAPTURE_AUTORELEASING = YES;
				CLANG_WARN_BOOL_CONVERSION = YES;
				CLANG_WARN_COMMA = YES;
				CLANG_WARN_CONSTANT_CONVERSION = YES;
				CLANG_WARN_DEPRECATED_OBJC_IMPLEMENTATIONS = YES;
				CLANG_WARN_DIRECT_OBJC_ISA_USAGE = YES_ERROR;
				CLANG_WARN_DOCUMENTATION_COMMENTS = YES;
				CLANG_WARN_EMPTY_BODY = YES;
				CLANG_WARN_ENUM_CONVERSION = YES;
				CLANG_WARN_INFINITE_RECURSION = YES;
				CLANG_WARN_INT_CONVERSION = YES;
				CLANG_WARN_NON_LITERAL_NULL_CONVERSION = YES;
				CLANG_WARN_OBJC_IMPLICIT_RETAIN_SELF = YES;
				CLANG_WARN_OBJC_LITERAL_CONVERSION = YES;
				CLANG_WARN_OBJC_ROOT_CLASS = YES_ERROR;
				CLANG_WARN_RANGE_LOOP_ANALYSIS = YES;
				CLANG_WARN_STRICT_PROTOTYPES = YES;
				CLANG_WARN_SUSPICIOUS_MOVE = YES;
				CLANG_WARN_UNGUARDED_AVAILABILITY = YES_AGGRESSIVE;
				CLANG_WARN_UNREACHABLE_CODE = YES;
				CLANG_WARN__DUPLICATE_METHOD_MATCH = YES;
				CODE_SIGN_IDENTITY = "Mac Developer";
				COPY_PHASE_STRIP = NO;
				DEBUG_INFORMATION_FORMAT = dwarf;
				ENABLE_STRICT_OBJC_MSGSEND = YES;
				ENABLE_TESTABILITY = YES;
				GCC_C_LANGUAGE_STANDARD = gnu11;
				GCC_DYNAMIC_NO_PIC = NO;
				GCC_NO_COMMON_BLOCKS = YES;
				GCC_OPTIMIZATION_LEVEL = 0;
				GCC_PREPROCESSOR_DEFINITIONS = (
					"DEBUG=1",
					"$(inherited)",
				);
				GCC_WARN_64_TO_32_BIT_CONVERSION = YES;
				GCC_WARN_ABOUT_RETURN_TYPE = YES_ERROR;
				GCC_WARN_UNDECLARED_SELECTOR = YES;
				GCC_WARN_UNINITIALIZED_AUTOS = YES_AGGRESSIVE;
				GCC_WARN_UNUSED_FUNCTION = YES;
				GCC_WARN_UNUSED_VARIABLE = YES;
				MACOSX_DEPLOYMENT_TARGET = 10.13;
				MTL_ENABLE_DEBUG_INFO = YES;
				ONLY_ACTIVE_ARCH = YES;
				SDKROOT = macosx;
			};
			name = Debug;
		};
		B56CFFF2211447C700AD6CD5 /* Release */ = {
			isa = XCBuildConfiguration;
			buildSettings = {
				ALWAYS_SEARCH_USER_PATHS = NO;
				CLANG_ANALYZER_NONNULL = YES;
				CLANG_ANALYZER_NUMBER_OBJECT_CONVERSION = YES_AGGRESSIVE;
				CLANG_CXX_LANGUAGE_STANDARD = "gnu++14";
				CLANG_CXX_LIBRARY = "libc++";
				CLANG_ENABLE_MODULES = YES;
				CLANG_ENABLE_OBJC_ARC = YES;
				CLANG_ENABLE_OBJC_WEAK = YES;
				CLANG_WARN_BLOCK_CAPTURE_AUTORELEASING = YES;
				CLANG_WARN_BOOL_CONVERSION = YES;
				CLANG_WARN_COMMA = YES;
				CLANG_WARN_CONSTANT_CONVERSION = YES;
				CLANG_WARN_DEPRECATED_OBJC_IMPLEMENTATIONS = YES;
				CLANG_WARN_DIRECT_OBJC_ISA_USAGE = YES_ERROR;
				CLANG_WARN_DOCUMENTATION_COMMENTS = YES;
				CLANG_WARN_EMPTY_BODY = YES;
				CLANG_WARN_ENUM_CONVERSION = YES;
				CLANG_WARN_INFINITE_RECURSION = YES;
				CLANG_WARN_INT_CONVERSION = YES;
				CLANG_WARN_NON_LITERAL_NULL_CONVERSION = YES;
				CLANG_WARN_OBJC_IMPLICIT_RETAIN_SELF = YES;
				CLANG_WARN_OBJC_LITERAL_CONVERSION = YES;
				CLANG_WARN_OBJC_ROOT_CLASS = YES_ERROR;
				CLANG_WARN_RANGE_LOOP_ANALYSIS = YES;
				CLANG_WARN_STRICT_PROTOTYPES = YES;
				CLANG_WARN_SUSPICIOUS_MOVE = YES;
				CLANG_WARN_UNGUARDED_AVAILABILITY = YES_AGGRESSIVE;
				CLANG_WARN_UNREACHABLE_CODE = YES;
				CLANG_WARN__DUPLICATE_METHOD_MATCH = YES;
				CODE_SIGN_IDENTITY = "Mac Developer";
				COPY_PHASE_STRIP = NO;
				DEBUG_INFORMATION_FORMAT = "dwarf-with-dsym";
				ENABLE_NS_ASSERTIONS = NO;
				ENABLE_STRICT_OBJC_MSGSEND = YES;
				GCC_C_LANGUAGE_STANDARD = gnu11;
				GCC_NO_COMMON_BLOCKS = YES;
				GCC_WARN_64_TO_32_BIT_CONVERSION = YES;
				GCC_WARN_ABOUT_RETURN_TYPE = YES_ERROR;
				GCC_WARN_UNDECLARED_SELECTOR = YES;
				GCC_WARN_UNINITIALIZED_AUTOS = YES_AGGRESSIVE;
				GCC_WARN_UNUSED_FUNCTION = YES;
				GCC_WARN_UNUSED_VARIABLE = YES;
				MACOSX_DEPLOYMENT_TARGET = 10.13;
				MTL_ENABLE_DEBUG_INFO = NO;
				SDKROOT = macosx;
			};
			name = Release;
		};
		B56CFFF4211447C700AD6CD5 /* Debug */ = {
			isa = XCBuildConfiguration;
			buildSettings = {
				CODE_SIGN_STYLE = Automatic;
				DEVELOPMENT_TEAM = T53YPCP5K3;
				PRODUCT_NAME = "$(TARGET_NAME)";
			};
			name = Debug;
		};
		B56CFFF5211447C700AD6CD5 /* Release */ = {
			isa = XCBuildConfiguration;
			buildSettings = {
				CODE_SIGN_STYLE = Automatic;
				DEVELOPMENT_TEAM = T53YPCP5K3;
				PRODUCT_NAME = "$(TARGET_NAME)";
			};
			name = Release;
		};
/* End XCBuildConfiguration section */

/* Begin XCConfigurationList section */
		B56CFFE7211447C700AD6CD5 /* Build configuration list for PBXProject "YamlToC" */ = {
			isa = XCConfigurationList;
			buildConfigurations = (
				B56CFFF1211447C700AD6CD5 /* Debug */,
				B56CFFF2211447C700AD6CD5 /* Release */,
			);
			defaultConfigurationIsVisible = 0;
			defaultConfigurationName = Release;
		};
		B56CFFF3211447C700AD6CD5 /* Build configuration list for PBXNativeTarget "YamlToC" */ = {
			isa = XCConfigurationList;
			buildConfigurations = (
				B56CFFF4211447C700AD6CD5 /* Debug */,
				B56CFFF5211447C700AD6CD5 /* Release */,
			);
			defaultConfigurationIsVisible = 0;
			defaultConfigurationName = Release;
		};
/* End XCConfigurationList section */
	};
	rootObject = B56CFFE4211447C700AD6CD5 /* Project object */;
}
