<?xml version="1.0" encoding="utf-8"?>
<Project ToolsVersion="15.0" xmlns="http://schemas.microsoft.com/developer/msbuild/2003">
  <ItemGroup>
    <CustomBuild Include="C:\diplomarbeit\visual-studio\cmake-build\CMakeFiles\b4aabaa043ed2e610e0396ba84d46338\INSTALL_force.rule">
      <Filter>CMake Rules</Filter>
    </CustomBuild>
  </ItemGroup>
  <ItemGroup>
    <Filter Include="CMake Rules">
      <UniqueIdentifier>{F80D7873-983C-3C9B-9246-ECE316111CA5}</UniqueIdentifier>
    </Filter>
  </ItemGroup>
</Project>
