Microsoft Visual Studio Solution File, Format Version 12.00
# Visual Studio 15
Project("{8BC9CEB8-8B4A-11D0-8D11-00A0C91BC942}") = "ALL_BUILD", "ALL_BUILD.vcxproj", "{7C7BD407-E157-3249-9FE3-A6091E346E71}"
	ProjectSection(ProjectDependencies) = postProject
		{00FA3C7F-44AB-3F38-ACEC-5D36804EF768} = {00FA3C7F-44AB-3F38-ACEC-5D36804EF768}
		{6E7AEB9B-7CB8-3E62-AF09-7A8DEB1E10C1} = {6E7AEB9B-7CB8-3E62-AF09-7A8DEB1E10C1}
		{830B0183-C57D-3E9D-A772-4A2E94EEBD16} = {830B0183-C57D-3E9D-A772-4A2E94EEBD16}
		{01367402-F896-3C29-886D-028D306E139E} = {01367402-F896-3C29-886D-028D306E139E}
		{F77EAB2F-DBA8-3153-9326-EBEBBE059DA2} = {F77EAB2F-DBA8-3153-9326-EBEBBE059DA2}
		{406FBACB-7D20-3B2B-82DA-56C19DC607F1} = {406FBACB-7D20-3B2B-82DA-56C19DC607F1}
		{CCFC94A2-0096-3AE5-9C00-B900DBF95D0C} = {CCFC94A2-0096-3AE5-9C00-B900DBF95D0C}
		{2BB188FD-A464-3F15-B75A-B6CEA909CBB7} = {2BB188FD-A464-3F15-B75A-B6CEA909CBB7}
		{D3A4E740-7CFB-376B-9E6A-D21CFC191886} = {D3A4E740-7CFB-376B-9E6A-D21CFC191886}
		{358C3A49-DB6F-35B8-97E0-D0CB5E65664B} = {358C3A49-DB6F-35B8-97E0-D0CB5E65664B}
		{EB3EB67E-80EE-32DA-811B-D301B3E5DDBA} = {EB3EB67E-80EE-32DA-811B-D301B3E5DDBA}
		{C81C4C07-B65D-3CFD-8EA6-7304C70FEC46} = {C81C4C07-B65D-3CFD-8EA6-7304C70FEC46}
		{E9031841-18D6-3FA0-8D26-AD297645DE3C} = {E9031841-18D6-3FA0-8D26-AD297645DE3C}
	EndProjectSection
EndProject
Project("{8BC9CEB8-8B4A-11D0-8D11-00A0C91BC942}") = "CSrc", "CSrc.vcxproj", "{00FA3C7F-44AB-3F38-ACEC-5D36804EF768}"
	ProjectSection(ProjectDependencies) = postProject
		{6E7AEB9B-7CB8-3E62-AF09-7A8DEB1E10C1} = {6E7AEB9B-7CB8-3E62-AF09-7A8DEB1E10C1}
		{830B0183-C57D-3E9D-A772-4A2E94EEBD16} = {830B0183-C57D-3E9D-A772-4A2E94EEBD16}
		{406FBACB-7D20-3B2B-82DA-56C19DC607F1} = {406FBACB-7D20-3B2B-82DA-56C19DC607F1}
		{CCFC94A2-0096-3AE5-9C00-B900DBF95D0C} = {CCFC94A2-0096-3AE5-9C00-B900DBF95D0C}
		{2BB188FD-A464-3F15-B75A-B6CEA909CBB7} = {2BB188FD-A464-3F15-B75A-B6CEA909CBB7}
		{D3A4E740-7CFB-376B-9E6A-D21CFC191886} = {D3A4E740-7CFB-376B-9E6A-D21CFC191886}
		{358C3A49-DB6F-35B8-97E0-D0CB5E65664B} = {358C3A49-DB6F-35B8-97E0-D0CB5E65664B}
	EndProjectSection
EndProject
Project("{8BC9CEB8-8B4A-11D0-8D11-00A0C91BC942}") = "INSTALL", "INSTALL.vcxproj", "{995AB5F2-DD00-37DA-9C32-17DBE0E41AC0}"
	ProjectSection(ProjectDependencies) = postProject
		{7C7BD407-E157-3249-9FE3-A6091E346E71} = {7C7BD407-E157-3249-9FE3-A6091E346E71}
		{6E7AEB9B-7CB8-3E62-AF09-7A8DEB1E10C1} = {6E7AEB9B-7CB8-3E62-AF09-7A8DEB1E10C1}
	EndProjectSection
EndProject
Project("{8BC9CEB8-8B4A-11D0-8D11-00A0C91BC942}") = "ZERO_CHECK", "ZERO_CHECK.vcxproj", "{6E7AEB9B-7CB8-3E62-AF09-7A8DEB1E10C1}"
	ProjectSection(ProjectDependencies) = postProject
	EndProjectSection
EndProject
Project("{8BC9CEB8-8B4A-11D0-8D11-00A0C91BC942}") = "iaclib", "impsengine\iaclib.vcxproj", "{830B0183-C57D-3E9D-A772-4A2E94EEBD16}"
	ProjectSection(ProjectDependencies) = postProject
		{6E7AEB9B-7CB8-3E62-AF09-7A8DEB1E10C1} = {6E7AEB9B-7CB8-3E62-AF09-7A8DEB1E10C1}
	EndProjectSection
EndProject
Project("{8BC9CEB8-8B4A-11D0-8D11-00A0C91BC942}") = "iaconcurrentlib", "impsengine\iaconcurrentlib.vcxproj", "{01367402-F896-3C29-886D-028D306E139E}"
	ProjectSection(ProjectDependencies) = postProject
		{6E7AEB9B-7CB8-3E62-AF09-7A8DEB1E10C1} = {6E7AEB9B-7CB8-3E62-AF09-7A8DEB1E10C1}
		{830B0183-C57D-3E9D-A772-4A2E94EEBD16} = {830B0183-C57D-3E9D-A772-4A2E94EEBD16}
	EndProjectSection
EndProject
Project("{8BC9CEB8-8B4A-11D0-8D11-00A0C91BC942}") = "iadate", "impsengine\iadate.vcxproj", "{F77EAB2F-DBA8-3153-9326-EBEBBE059DA2}"
	ProjectSection(ProjectDependencies) = postProject
		{6E7AEB9B-7CB8-3E62-AF09-7A8DEB1E10C1} = {6E7AEB9B-7CB8-3E62-AF09-7A8DEB1E10C1}
		{830B0183-C57D-3E9D-A772-4A2E94EEBD16} = {830B0183-C57D-3E9D-A772-4A2E94EEBD16}
	EndProjectSection
EndProject
Project("{8BC9CEB8-8B4A-11D0-8D11-00A0C91BC942}") = "iaexpat", "impsengine\iaexpat.vcxproj", "{406FBACB-7D20-3B2B-82DA-56C19DC607F1}"
	ProjectSection(ProjectDependencies) = postProject
		{6E7AEB9B-7CB8-3E62-AF09-7A8DEB1E10C1} = {6E7AEB9B-7CB8-3E62-AF09-7A8DEB1E10C1}
	EndProjectSection
EndProject
Project("{8BC9CEB8-8B4A-11D0-8D11-00A0C91BC942}") = "iainput_output", "impsengine\iainput_output.vcxproj", "{CCFC94A2-0096-3AE5-9C00-B900DBF95D0C}"
	ProjectSection(ProjectDependencies) = postProject
		{6E7AEB9B-7CB8-3E62-AF09-7A8DEB1E10C1} = {6E7AEB9B-7CB8-3E62-AF09-7A8DEB1E10C1}
		{830B0183-C57D-3E9D-A772-4A2E94EEBD16} = {830B0183-C57D-3E9D-A772-4A2E94EEBD16}
		{406FBACB-7D20-3B2B-82DA-56C19DC607F1} = {406FBACB-7D20-3B2B-82DA-56C19DC607F1}
	EndProjectSection
EndProject
Project("{8BC9CEB8-8B4A-11D0-8D11-00A0C91BC942}") = "iamathlib", "impsengine\iamathlib.vcxproj", "{2BB188FD-A464-3F15-B75A-B6CEA909CBB7}"
	ProjectSection(ProjectDependencies) = postProject
		{6E7AEB9B-7CB8-3E62-AF09-7A8DEB1E10C1} = {6E7AEB9B-7CB8-3E62-AF09-7A8DEB1E10C1}
	EndProjectSection
EndProject
Project("{8BC9CEB8-8B4A-11D0-8D11-00A0C91BC942}") = "iamulti_touch", "impsengine\iamulti_touch.vcxproj", "{D3A4E740-7CFB-376B-9E6A-D21CFC191886}"
	ProjectSection(ProjectDependencies) = postProject
		{6E7AEB9B-7CB8-3E62-AF09-7A8DEB1E10C1} = {6E7AEB9B-7CB8-3E62-AF09-7A8DEB1E10C1}
		{830B0183-C57D-3E9D-A772-4A2E94EEBD16} = {830B0183-C57D-3E9D-A772-4A2E94EEBD16}
		{406FBACB-7D20-3B2B-82DA-56C19DC607F1} = {406FBACB-7D20-3B2B-82DA-56C19DC607F1}
		{CCFC94A2-0096-3AE5-9C00-B900DBF95D0C} = {CCFC94A2-0096-3AE5-9C00-B900DBF95D0C}
		{2BB188FD-A464-3F15-B75A-B6CEA909CBB7} = {2BB188FD-A464-3F15-B75A-B6CEA909CBB7}
		{358C3A49-DB6F-35B8-97E0-D0CB5E65664B} = {358C3A49-DB6F-35B8-97E0-D0CB5E65664B}
	EndProjectSection
EndProject
Project("{8BC9CEB8-8B4A-11D0-8D11-00A0C91BC942}") = "iaopengl", "impsengine\iaopengl.vcxproj", "{358C3A49-DB6F-35B8-97E0-D0CB5E65664B}"
	ProjectSection(ProjectDependencies) = postProject
		{6E7AEB9B-7CB8-3E62-AF09-7A8DEB1E10C1} = {6E7AEB9B-7CB8-3E62-AF09-7A8DEB1E10C1}
		{830B0183-C57D-3E9D-A772-4A2E94EEBD16} = {830B0183-C57D-3E9D-A772-4A2E94EEBD16}
		{406FBACB-7D20-3B2B-82DA-56C19DC607F1} = {406FBACB-7D20-3B2B-82DA-56C19DC607F1}
		{CCFC94A2-0096-3AE5-9C00-B900DBF95D0C} = {CCFC94A2-0096-3AE5-9C00-B900DBF95D0C}
		{2BB188FD-A464-3F15-B75A-B6CEA909CBB7} = {2BB188FD-A464-3F15-B75A-B6CEA909CBB7}
	EndProjectSection
EndProject
Project("{8BC9CEB8-8B4A-11D0-8D11-00A0C91BC942}") = "iaopengl_renderer", "impsengine\iaopengl_renderer.vcxproj", "{EB3EB67E-80EE-32DA-811B-D301B3E5DDBA}"
	ProjectSection(ProjectDependencies) = postProject
		{6E7AEB9B-7CB8-3E62-AF09-7A8DEB1E10C1} = {6E7AEB9B-7CB8-3E62-AF09-7A8DEB1E10C1}
		{830B0183-C57D-3E9D-A772-4A2E94EEBD16} = {830B0183-C57D-3E9D-A772-4A2E94EEBD16}
		{406FBACB-7D20-3B2B-82DA-56C19DC607F1} = {406FBACB-7D20-3B2B-82DA-56C19DC607F1}
		{CCFC94A2-0096-3AE5-9C00-B900DBF95D0C} = {CCFC94A2-0096-3AE5-9C00-B900DBF95D0C}
		{2BB188FD-A464-3F15-B75A-B6CEA909CBB7} = {2BB188FD-A464-3F15-B75A-B6CEA909CBB7}
		{D3A4E740-7CFB-376B-9E6A-D21CFC191886} = {D3A4E740-7CFB-376B-9E6A-D21CFC191886}
		{358C3A49-DB6F-35B8-97E0-D0CB5E65664B} = {358C3A49-DB6F-35B8-97E0-D0CB5E65664B}
	EndProjectSection
EndProject
Project("{8BC9CEB8-8B4A-11D0-8D11-00A0C91BC942}") = "iarandom_number-generator", "impsengine\iarandom_number-generator.vcxproj", "{C81C4C07-B65D-3CFD-8EA6-7304C70FEC46}"
	ProjectSection(ProjectDependencies) = postProject
		{6E7AEB9B-7CB8-3E62-AF09-7A8DEB1E10C1} = {6E7AEB9B-7CB8-3E62-AF09-7A8DEB1E10C1}
		{830B0183-C57D-3E9D-A772-4A2E94EEBD16} = {830B0183-C57D-3E9D-A772-4A2E94EEBD16}
		{E9031841-18D6-3FA0-8D26-AD297645DE3C} = {E9031841-18D6-3FA0-8D26-AD297645DE3C}
	EndProjectSection
EndProject
Project("{8BC9CEB8-8B4A-11D0-8D11-00A0C91BC942}") = "iasfmt", "impsengine\iasfmt.vcxproj", "{E9031841-18D6-3FA0-8D26-AD297645DE3C}"
	ProjectSection(ProjectDependencies) = postProject
		{6E7AEB9B-7CB8-3E62-AF09-7A8DEB1E10C1} = {6E7AEB9B-7CB8-3E62-AF09-7A8DEB1E10C1}
	EndProjectSection
EndProject
Global
	GlobalSection(SolutionConfigurationPlatforms) = preSolution
		Debug|x64 = Debug|x64
		Release|x64 = Release|x64
		MinSizeRel|x64 = MinSizeRel|x64
		RelWithDebInfo|x64 = RelWithDebInfo|x64
	EndGlobalSection
	GlobalSection(ProjectConfigurationPlatforms) = postSolution
		{7C7BD407-E157-3249-9FE3-A6091E346E71}.Debug|x64.ActiveCfg = Debug|x64
		{7C7BD407-E157-3249-9FE3-A6091E346E71}.Debug|x64.Build.0 = Debug|x64
		{7C7BD407-E157-3249-9FE3-A6091E346E71}.Release|x64.ActiveCfg = Release|x64
		{7C7BD407-E157-3249-9FE3-A6091E346E71}.Release|x64.Build.0 = Release|x64
		{7C7BD407-E157-3249-9FE3-A6091E346E71}.MinSizeRel|x64.ActiveCfg = MinSizeRel|x64
		{7C7BD407-E157-3249-9FE3-A6091E346E71}.MinSizeRel|x64.Build.0 = MinSizeRel|x64
		{7C7BD407-E157-3249-9FE3-A6091E346E71}.RelWithDebInfo|x64.ActiveCfg = RelWithDebInfo|x64
		{7C7BD407-E157-3249-9FE3-A6091E346E71}.RelWithDebInfo|x64.Build.0 = RelWithDebInfo|x64
		{00FA3C7F-44AB-3F38-ACEC-5D36804EF768}.Debug|x64.ActiveCfg = Debug|x64
		{00FA3C7F-44AB-3F38-ACEC-5D36804EF768}.Debug|x64.Build.0 = Debug|x64
		{00FA3C7F-44AB-3F38-ACEC-5D36804EF768}.Release|x64.ActiveCfg = Release|x64
		{00FA3C7F-44AB-3F38-ACEC-5D36804EF768}.Release|x64.Build.0 = Release|x64
		{00FA3C7F-44AB-3F38-ACEC-5D36804EF768}.MinSizeRel|x64.ActiveCfg = MinSizeRel|x64
		{00FA3C7F-44AB-3F38-ACEC-5D36804EF768}.MinSizeRel|x64.Build.0 = MinSizeRel|x64
		{00FA3C7F-44AB-3F38-ACEC-5D36804EF768}.RelWithDebInfo|x64.ActiveCfg = RelWithDebInfo|x64
		{00FA3C7F-44AB-3F38-ACEC-5D36804EF768}.RelWithDebInfo|x64.Build.0 = RelWithDebInfo|x64
		{995AB5F2-DD00-37DA-9C32-17DBE0E41AC0}.Debug|x64.ActiveCfg = Debug|x64
		{995AB5F2-DD00-37DA-9C32-17DBE0E41AC0}.Release|x64.ActiveCfg = Release|x64
		{995AB5F2-DD00-37DA-9C32-17DBE0E41AC0}.MinSizeRel|x64.ActiveCfg = MinSizeRel|x64
		{995AB5F2-DD00-37DA-9C32-17DBE0E41AC0}.RelWithDebInfo|x64.ActiveCfg = RelWithDebInfo|x64
		{6E7AEB9B-7CB8-3E62-AF09-7A8DEB1E10C1}.Debug|x64.ActiveCfg = Debug|x64
		{6E7AEB9B-7CB8-3E62-AF09-7A8DEB1E10C1}.Debug|x64.Build.0 = Debug|x64
		{6E7AEB9B-7CB8-3E62-AF09-7A8DEB1E10C1}.Release|x64.ActiveCfg = Release|x64
		{6E7AEB9B-7CB8-3E62-AF09-7A8DEB1E10C1}.Release|x64.Build.0 = Release|x64
		{6E7AEB9B-7CB8-3E62-AF09-7A8DEB1E10C1}.MinSizeRel|x64.ActiveCfg = MinSizeRel|x64
		{6E7AEB9B-7CB8-3E62-AF09-7A8DEB1E10C1}.MinSizeRel|x64.Build.0 = MinSizeRel|x64
		{6E7AEB9B-7CB8-3E62-AF09-7A8DEB1E10C1}.RelWithDebInfo|x64.ActiveCfg = RelWithDebInfo|x64
		{6E7AEB9B-7CB8-3E62-AF09-7A8DEB1E10C1}.RelWithDebInfo|x64.Build.0 = RelWithDebInfo|x64
		{830B0183-C57D-3E9D-A772-4A2E94EEBD16}.Debug|x64.ActiveCfg = Debug|x64
		{830B0183-C57D-3E9D-A772-4A2E94EEBD16}.Debug|x64.Build.0 = Debug|x64
		{830B0183-C57D-3E9D-A772-4A2E94EEBD16}.Release|x64.ActiveCfg = Release|x64
		{830B0183-C57D-3E9D-A772-4A2E94EEBD16}.Release|x64.Build.0 = Release|x64
		{830B0183-C57D-3E9D-A772-4A2E94EEBD16}.MinSizeRel|x64.ActiveCfg = MinSizeRel|x64
		{830B0183-C57D-3E9D-A772-4A2E94EEBD16}.MinSizeRel|x64.Build.0 = MinSizeRel|x64
		{830B0183-C57D-3E9D-A772-4A2E94EEBD16}.RelWithDebInfo|x64.ActiveCfg = RelWithDebInfo|x64
		{830B0183-C57D-3E9D-A772-4A2E94EEBD16}.RelWithDebInfo|x64.Build.0 = RelWithDebInfo|x64
		{01367402-F896-3C29-886D-028D306E139E}.Debug|x64.ActiveCfg = Debug|x64
		{01367402-F896-3C29-886D-028D306E139E}.Debug|x64.Build.0 = Debug|x64
		{01367402-F896-3C29-886D-028D306E139E}.Release|x64.ActiveCfg = Release|x64
		{01367402-F896-3C29-886D-028D306E139E}.Release|x64.Build.0 = Release|x64
		{01367402-F896-3C29-886D-028D306E139E}.MinSizeRel|x64.ActiveCfg = MinSizeRel|x64
		{01367402-F896-3C29-886D-028D306E139E}.MinSizeRel|x64.Build.0 = MinSizeRel|x64
		{01367402-F896-3C29-886D-028D306E139E}.RelWithDebInfo|x64.ActiveCfg = RelWithDebInfo|x64
		{01367402-F896-3C29-886D-028D306E139E}.RelWithDebInfo|x64.Build.0 = RelWithDebInfo|x64
		{F77EAB2F-DBA8-3153-9326-EBEBBE059DA2}.Debug|x64.ActiveCfg = Debug|x64
		{F77EAB2F-DBA8-3153-9326-EBEBBE059DA2}.Debug|x64.Build.0 = Debug|x64
		{F77EAB2F-DBA8-3153-9326-EBEBBE059DA2}.Release|x64.ActiveCfg = Release|x64
		{F77EAB2F-DBA8-3153-9326-EBEBBE059DA2}.Release|x64.Build.0 = Release|x64
		{F77EAB2F-DBA8-3153-9326-EBEBBE059DA2}.MinSizeRel|x64.ActiveCfg = MinSizeRel|x64
		{F77EAB2F-DBA8-3153-9326-EBEBBE059DA2}.MinSizeRel|x64.Build.0 = MinSizeRel|x64
		{F77EAB2F-DBA8-3153-9326-EBEBBE059DA2}.RelWithDebInfo|x64.ActiveCfg = RelWithDebInfo|x64
		{F77EAB2F-DBA8-3153-9326-EBEBBE059DA2}.RelWithDebInfo|x64.Build.0 = RelWithDebInfo|x64
		{406FBACB-7D20-3B2B-82DA-56C19DC607F1}.Debug|x64.ActiveCfg = Debug|x64
		{406FBACB-7D20-3B2B-82DA-56C19DC607F1}.Debug|x64.Build.0 = Debug|x64
		{406FBACB-7D20-3B2B-82DA-56C19DC607F1}.Release|x64.ActiveCfg = Release|x64
		{406FBACB-7D20-3B2B-82DA-56C19DC607F1}.Release|x64.Build.0 = Release|x64
		{406FBACB-7D20-3B2B-82DA-56C19DC607F1}.MinSizeRel|x64.ActiveCfg = MinSizeRel|x64
		{406FBACB-7D20-3B2B-82DA-56C19DC607F1}.MinSizeRel|x64.Build.0 = MinSizeRel|x64
		{406FBACB-7D20-3B2B-82DA-56C19DC607F1}.RelWithDebInfo|x64.ActiveCfg = RelWithDebInfo|x64
		{406FBACB-7D20-3B2B-82DA-56C19DC607F1}.RelWithDebInfo|x64.Build.0 = RelWithDebInfo|x64
		{CCFC94A2-0096-3AE5-9C00-B900DBF95D0C}.Debug|x64.ActiveCfg = Debug|x64
		{CCFC94A2-0096-3AE5-9C00-B900DBF95D0C}.Debug|x64.Build.0 = Debug|x64
		{CCFC94A2-0096-3AE5-9C00-B900DBF95D0C}.Release|x64.ActiveCfg = Release|x64
		{CCFC94A2-0096-3AE5-9C00-B900DBF95D0C}.Release|x64.Build.0 = Release|x64
		{CCFC94A2-0096-3AE5-9C00-B900DBF95D0C}.MinSizeRel|x64.ActiveCfg = MinSizeRel|x64
		{CCFC94A2-0096-3AE5-9C00-B900DBF95D0C}.MinSizeRel|x64.Build.0 = MinSizeRel|x64
		{CCFC94A2-0096-3AE5-9C00-B900DBF95D0C}.RelWithDebInfo|x64.ActiveCfg = RelWithDebInfo|x64
		{CCFC94A2-0096-3AE5-9C00-B900DBF95D0C}.RelWithDebInfo|x64.Build.0 = RelWithDebInfo|x64
		{2BB188FD-A464-3F15-B75A-B6CEA909CBB7}.Debug|x64.ActiveCfg = Debug|x64
		{2BB188FD-A464-3F15-B75A-B6CEA909CBB7}.Debug|x64.Build.0 = Debug|x64
		{2BB188FD-A464-3F15-B75A-B6CEA909CBB7}.Release|x64.ActiveCfg = Release|x64
		{2BB188FD-A464-3F15-B75A-B6CEA909CBB7}.Release|x64.Build.0 = Release|x64
		{2BB188FD-A464-3F15-B75A-B6CEA909CBB7}.MinSizeRel|x64.ActiveCfg = MinSizeRel|x64
		{2BB188FD-A464-3F15-B75A-B6CEA909CBB7}.MinSizeRel|x64.Build.0 = MinSizeRel|x64
		{2BB188FD-A464-3F15-B75A-B6CEA909CBB7}.RelWithDebInfo|x64.ActiveCfg = RelWithDebInfo|x64
		{2BB188FD-A464-3F15-B75A-B6CEA909CBB7}.RelWithDebInfo|x64.Build.0 = RelWithDebInfo|x64
		{D3A4E740-7CFB-376B-9E6A-D21CFC191886}.Debug|x64.ActiveCfg = Debug|x64
		{D3A4E740-7CFB-376B-9E6A-D21CFC191886}.Debug|x64.Build.0 = Debug|x64
		{D3A4E740-7CFB-376B-9E6A-D21CFC191886}.Release|x64.ActiveCfg = Release|x64
		{D3A4E740-7CFB-376B-9E6A-D21CFC191886}.Release|x64.Build.0 = Release|x64
		{D3A4E740-7CFB-376B-9E6A-D21CFC191886}.MinSizeRel|x64.ActiveCfg = MinSizeRel|x64
		{D3A4E740-7CFB-376B-9E6A-D21CFC191886}.MinSizeRel|x64.Build.0 = MinSizeRel|x64
		{D3A4E740-7CFB-376B-9E6A-D21CFC191886}.RelWithDebInfo|x64.ActiveCfg = RelWithDebInfo|x64
		{D3A4E740-7CFB-376B-9E6A-D21CFC191886}.RelWithDebInfo|x64.Build.0 = RelWithDebInfo|x64
		{358C3A49-DB6F-35B8-97E0-D0CB5E65664B}.Debug|x64.ActiveCfg = Debug|x64
		{358C3A49-DB6F-35B8-97E0-D0CB5E65664B}.Debug|x64.Build.0 = Debug|x64
		{358C3A49-DB6F-35B8-97E0-D0CB5E65664B}.Release|x64.ActiveCfg = Release|x64
		{358C3A49-DB6F-35B8-97E0-D0CB5E65664B}.Release|x64.Build.0 = Release|x64
		{358C3A49-DB6F-35B8-97E0-D0CB5E65664B}.MinSizeRel|x64.ActiveCfg = MinSizeRel|x64
		{358C3A49-DB6F-35B8-97E0-D0CB5E65664B}.MinSizeRel|x64.Build.0 = MinSizeRel|x64
		{358C3A49-DB6F-35B8-97E0-D0CB5E65664B}.RelWithDebInfo|x64.ActiveCfg = RelWithDebInfo|x64
		{358C3A49-DB6F-35B8-97E0-D0CB5E65664B}.RelWithDebInfo|x64.Build.0 = RelWithDebInfo|x64
		{EB3EB67E-80EE-32DA-811B-D301B3E5DDBA}.Debug|x64.ActiveCfg = Debug|x64
		{EB3EB67E-80EE-32DA-811B-D301B3E5DDBA}.Debug|x64.Build.0 = Debug|x64
		{EB3EB67E-80EE-32DA-811B-D301B3E5DDBA}.Release|x64.ActiveCfg = Release|x64
		{EB3EB67E-80EE-32DA-811B-D301B3E5DDBA}.Release|x64.Build.0 = Release|x64
		{EB3EB67E-80EE-32DA-811B-D301B3E5DDBA}.MinSizeRel|x64.ActiveCfg = MinSizeRel|x64
		{EB3EB67E-80EE-32DA-811B-D301B3E5DDBA}.MinSizeRel|x64.Build.0 = MinSizeRel|x64
		{EB3EB67E-80EE-32DA-811B-D301B3E5DDBA}.RelWithDebInfo|x64.ActiveCfg = RelWithDebInfo|x64
		{EB3EB67E-80EE-32DA-811B-D301B3E5DDBA}.RelWithDebInfo|x64.Build.0 = RelWithDebInfo|x64
		{C81C4C07-B65D-3CFD-8EA6-7304C70FEC46}.Debug|x64.ActiveCfg = Debug|x64
		{C81C4C07-B65D-3CFD-8EA6-7304C70FEC46}.Debug|x64.Build.0 = Debug|x64
		{C81C4C07-B65D-3CFD-8EA6-7304C70FEC46}.Release|x64.ActiveCfg = Release|x64
		{C81C4C07-B65D-3CFD-8EA6-7304C70FEC46}.Release|x64.Build.0 = Release|x64
		{C81C4C07-B65D-3CFD-8EA6-7304C70FEC46}.MinSizeRel|x64.ActiveCfg = MinSizeRel|x64
		{C81C4C07-B65D-3CFD-8EA6-7304C70FEC46}.MinSizeRel|x64.Build.0 = MinSizeRel|x64
		{C81C4C07-B65D-3CFD-8EA6-7304C70FEC46}.RelWithDebInfo|x64.ActiveCfg = RelWithDebInfo|x64
		{C81C4C07-B65D-3CFD-8EA6-7304C70FEC46}.RelWithDebInfo|x64.Build.0 = RelWithDebInfo|x64
		{E9031841-18D6-3FA0-8D26-AD297645DE3C}.Debug|x64.ActiveCfg = Debug|x64
		{E9031841-18D6-3FA0-8D26-AD297645DE3C}.Debug|x64.Build.0 = Debug|x64
		{E9031841-18D6-3FA0-8D26-AD297645DE3C}.Release|x64.ActiveCfg = Release|x64
		{E9031841-18D6-3FA0-8D26-AD297645DE3C}.Release|x64.Build.0 = Release|x64
		{E9031841-18D6-3FA0-8D26-AD297645DE3C}.MinSizeRel|x64.ActiveCfg = MinSizeRel|x64
		{E9031841-18D6-3FA0-8D26-AD297645DE3C}.MinSizeRel|x64.Build.0 = MinSizeRel|x64
		{E9031841-18D6-3FA0-8D26-AD297645DE3C}.RelWithDebInfo|x64.ActiveCfg = RelWithDebInfo|x64
		{E9031841-18D6-3FA0-8D26-AD297645DE3C}.RelWithDebInfo|x64.Build.0 = RelWithDebInfo|x64
	EndGlobalSection
	GlobalSection(ExtensibilityGlobals) = postSolution
		SolutionGuid = {AA956BD8-4B30-3194-8CC8-54827AA76C4C}
	EndGlobalSection
	GlobalSection(ExtensibilityAddIns) = postSolution
	EndGlobalSection
EndGlobal
