// !$*UTF8*$!
{
	archiveVersion = 1;
	classes = {
	};
	objectVersion = 50;
	objects = {

/* Begin PBXBuildFile section */
		B53B2D7C211AC4E500A08189 /* Resources.c in Sources */ = {isa = PBXBuildFile; fileRef = B53B2D7B211AC4E500A08189 /* Resources.c */; };
		B564ECCB210EFAC4004B05D0 /* AppDelegate.m in Sources */ = {isa = PBXBuildFile; fileRef = B564ECCA210EFAC4004B05D0 /* AppDelegate.m */; };
		B564ECCE210EFAC4004B05D0 /* ViewController.m in Sources */ = {isa = PBXBuildFile; fileRef = B564ECCD210EFAC4004B05D0 /* ViewController.m */; };
		B564ECD1210EFAC4004B05D0 /* Main.storyboard in Resources */ = {isa = PBXBuildFile; fileRef = B564ECCF210EFAC4004B05D0 /* Main.storyboard */; };
		B564ECD3210EFAC5004B05D0 /* Assets.xcassets in Resources */ = {isa = PBXBuildFile; fileRef = B564ECD2210EFAC5004B05D0 /* Assets.xcassets */; };
		B564ECD9210EFAC5004B05D0 /* main.m in Sources */ = {isa = PBXBuildFile; fileRef = B564ECD8210EFAC5004B05D0 /* main.m */; };
		B564ED24210EFBFA004B05D0 /* libExpat.a in Frameworks */ = {isa = PBXBuildFile; fileRef = B564ED23210EFBFA004B05D0 /* libExpat.a */; };
		B564ED26210EFBFA004B05D0 /* libInputOutput.a in Frameworks */ = {isa = PBXBuildFile; fileRef = B564ED25210EFBFA004B05D0 /* libInputOutput.a */; };
		B564ED28210EFBFA004B05D0 /* libMathLib.a in Frameworks */ = {isa = PBXBuildFile; fileRef = B564ED27210EFBFA004B05D0 /* libMathLib.a */; };
		B564ED2A210EFBFA004B05D0 /* libMultiTouch.a in Frameworks */ = {isa = PBXBuildFile; fileRef = B564ED29210EFBFA004B05D0 /* libMultiTouch.a */; };
		B564ED2B210EFBFA004B05D0 /* libCLib.a in Frameworks */ = {isa = PBXBuildFile; fileRef = B564ED04210EFBD0004B05D0 /* libCLib.a */; };
		B564ED2C210EFBFA004B05D0 /* libOpenGL.a in Frameworks */ = {isa = PBXBuildFile; fileRef = B564ED1B210EFBDD004B05D0 /* libOpenGL.a */; };
		B564ED2D210EFBFA004B05D0 /* libOpenGLRenderer.a in Frameworks */ = {isa = PBXBuildFile; fileRef = B564ED15210EFBD6004B05D0 /* libOpenGLRenderer.a */; };
		B564ED4E210EFF73004B05D0 /* LaunchScreen.storyboard in Resources */ = {isa = PBXBuildFile; fileRef = B564ED4D210EFF73004B05D0 /* LaunchScreen.storyboard */; };
		B564ED53210F01C6004B05D0 /* MainApp.c in Sources */ = {isa = PBXBuildFile; fileRef = B564ED52210F01C6004B05D0 /* MainApp.c */; };
		B57609E02111CAEF0075DFF4 /* View.yaml in Resources */ = {isa = PBXBuildFile; fileRef = B57609DF2111CAEF0075DFF4 /* View.yaml */; };
		B57609E42111CB760075DFF4 /* View.c in Sources */ = {isa = PBXBuildFile; fileRef = B57609E32111CB760075DFF4 /* View.c */; };
		B5E2680221131173005447DB /* IARelativeLayout.c in Sources */ = {isa = PBXBuildFile; fileRef = B5E2680121131173005447DB /* IARelativeLayout.c */; };
		B5E2680521131180005447DB /* IAAbsoluteLayout.c in Sources */ = {isa = PBXBuildFile; fileRef = B5E2680421131180005447DB /* IAAbsoluteLayout.c */; };
		B5E2680821131218005447DB /* IAGridLayout.c in Sources */ = {isa = PBXBuildFile; fileRef = B5E2680721131218005447DB /* IAGridLayout.c */; };
		B5E2680B21131654005447DB /* IALayout.c in Sources */ = {isa = PBXBuildFile; fileRef = B5E2680A21131654005447DB /* IALayout.c */; };
		B5E2680E21131663005447DB /* IALayoutElement.c in Sources */ = {isa = PBXBuildFile; fileRef = B5E2680D21131663005447DB /* IALayoutElement.c */; };
		B5E2681121131FD9005447DB /* IALayoutElementAttributes.c in Sources */ = {isa = PBXBuildFile; fileRef = B5E2681021131FD9005447DB /* IALayoutElementAttributes.c */; };
		B5E2681421132051005447DB /* IALayoutAttributes.c in Sources */ = {isa = PBXBuildFile; fileRef = B5E2681321132051005447DB /* IALayoutAttributes.c */; };
/* End PBXBuildFile section */

/* Begin PBXContainerItemProxy section */
		B564ED03210EFBD0004B05D0 /* PBXContainerItemProxy */ = {
			isa = PBXContainerItemProxy;
			containerPortal = B564ECFF210EFBD0004B05D0 /* CLib.xcodeproj */;
			proxyType = 2;
			remoteGlobalIDString = B55DE6BC1D882E9300F5B3E0;
			remoteInfo = CLib;
		};
		B564ED14210EFBD6004B05D0 /* PBXContainerItemProxy */ = {
			isa = PBXContainerItemProxy;
			containerPortal = B564ED05210EFBD6004B05D0 /* OpenGLRenderer.xcodeproj */;
			proxyType = 2;
			remoteGlobalIDString = B5FC52261DECFAED005C9E76;
			remoteInfo = OpenGLRenderer;
		};
		B564ED1A210EFBDD004B05D0 /* PBXContainerItemProxy */ = {
			isa = PBXContainerItemProxy;
			containerPortal = B564ED16210EFBDD004B05D0 /* OpenGL.xcodeproj */;
			proxyType = 2;
			remoteGlobalIDString = B50521011DECD737003A7ABF;
			remoteInfo = OpenGL;
		};
		B564ED1C210EFBF3004B05D0 /* PBXContainerItemProxy */ = {
			isa = PBXContainerItemProxy;
			containerPortal = B564ECFF210EFBD0004B05D0 /* CLib.xcodeproj */;
			proxyType = 1;
			remoteGlobalIDString = B55DE6BB1D882E9300F5B3E0;
			remoteInfo = CLib;
		};
		B564ED1E210EFBF3004B05D0 /* PBXContainerItemProxy */ = {
			isa = PBXContainerItemProxy;
			containerPortal = B564ED16210EFBDD004B05D0 /* OpenGL.xcodeproj */;
			proxyType = 1;
			remoteGlobalIDString = B50521001DECD737003A7ABF;
			remoteInfo = OpenGL;
		};
		B564ED20210EFBF3004B05D0 /* PBXContainerItemProxy */ = {
			isa = PBXContainerItemProxy;
			containerPortal = B564ED05210EFBD6004B05D0 /* OpenGLRenderer.xcodeproj */;
			proxyType = 1;
			remoteGlobalIDString = B5FC52251DECFAED005C9E76;
			remoteInfo = OpenGLRenderer;
		};
/* End PBXContainerItemProxy section */

/* Begin PBXFileReference section */
		B53B2D7A211AC4E500A08189 /* Resources.h */ = {isa = PBXFileReference; lastKnownFileType = sourcecode.c.h; path = Resources.h; sourceTree = "<group>"; };
		B53B2D7B211AC4E500A08189 /* Resources.c */ = {isa = PBXFileReference; lastKnownFileType = sourcecode.c.c; path = Resources.c; sourceTree = "<group>"; };
		B564ECC6210EFAC4004B05D0 /* yaml.app */ = {isa = PBXFileReference; explicitFileType = wrapper.application; includeInIndex = 0; path = yaml.app; sourceTree = BUILT_PRODUCTS_DIR; };
		B564ECC9210EFAC4004B05D0 /* AppDelegate.h */ = {isa = PBXFileReference; lastKnownFileType = sourcecode.c.h; path = AppDelegate.h; sourceTree = "<group>"; };
		B564ECCA210EFAC4004B05D0 /* AppDelegate.m */ = {isa = PBXFileReference; lastKnownFileType = sourcecode.c.objc; path = AppDelegate.m; sourceTree = "<group>"; };
		B564ECCC210EFAC4004B05D0 /* ViewController.h */ = {isa = PBXFileReference; lastKnownFileType = sourcecode.c.h; path = ViewController.h; sourceTree = "<group>"; };
		B564ECCD210EFAC4004B05D0 /* ViewController.m */ = {isa = PBXFileReference; lastKnownFileType = sourcecode.c.objc; path = ViewController.m; sourceTree = "<group>"; };
		B564ECD0210EFAC4004B05D0 /* Base */ = {isa = PBXFileReference; lastKnownFileType = file.storyboard; name = Base; path = Base.lproj/Main.storyboard; sourceTree = "<group>"; };
		B564ECD2210EFAC5004B05D0 /* Assets.xcassets */ = {isa = PBXFileReference; lastKnownFileType = folder.assetcatalog; path = Assets.xcassets; sourceTree = "<group>"; };
		B564ECD7210EFAC5004B05D0 /* Info.plist */ = {isa = PBXFileReference; lastKnownFileType = text.plist.xml; path = Info.plist; sourceTree = "<group>"; };
		B564ECD8210EFAC5004B05D0 /* main.m */ = {isa = PBXFileReference; lastKnownFileType = sourcecode.c.objc; path = main.m; sourceTree = "<group>"; };
		B564ECFF210EFBD0004B05D0 /* CLib.xcodeproj */ = {isa = PBXFileReference; lastKnownFileType = "wrapper.pb-project"; name = CLib.xcodeproj; path = ../impsengine/modules/common/clib/xcode/CLib.xcodeproj; sourceTree = "<group>"; };
		B564ED05210EFBD6004B05D0 /* OpenGLRenderer.xcodeproj */ = {isa = PBXFileReference; lastKnownFileType = "wrapper.pb-project"; name = OpenGLRenderer.xcodeproj; path = "../impsengine/modules/common/opengl-renderer/xcode/OpenGLRenderer.xcodeproj"; sourceTree = "<group>"; };
		B564ED16210EFBDD004B05D0 /* OpenGL.xcodeproj */ = {isa = PBXFileReference; lastKnownFileType = "wrapper.pb-project"; name = OpenGL.xcodeproj; path = ../impsengine/modules/common/opengl/xcode/OpenGL.xcodeproj; sourceTree = "<group>"; };
		B564ED23210EFBFA004B05D0 /* libExpat.a */ = {isa = PBXFileReference; explicitFileType = archive.ar; path = libExpat.a; sourceTree = BUILT_PRODUCTS_DIR; };
		B564ED25210EFBFA004B05D0 /* libInputOutput.a */ = {isa = PBXFileReference; explicitFileType = archive.ar; path = libInputOutput.a; sourceTree = BUILT_PRODUCTS_DIR; };
		B564ED27210EFBFA004B05D0 /* libMathLib.a */ = {isa = PBXFileReference; explicitFileType = archive.ar; path = libMathLib.a; sourceTree = BUILT_PRODUCTS_DIR; };
		B564ED29210EFBFA004B05D0 /* libMultiTouch.a */ = {isa = PBXFileReference; explicitFileType = archive.ar; path = libMultiTouch.a; sourceTree = BUILT_PRODUCTS_DIR; };
		B564ED4D210EFF73004B05D0 /* LaunchScreen.storyboard */ = {isa = PBXFileReference; lastKnownFileType = file.storyboard; path = LaunchScreen.storyboard; sourceTree = "<group>"; };
		B564ED51210F01C6004B05D0 /* MainApp.h */ = {isa = PBXFileReference; lastKnownFileType = sourcecode.c.h; path = MainApp.h; sourceTree = "<group>"; };
		B564ED52210F01C6004B05D0 /* MainApp.c */ = {isa = PBXFileReference; lastKnownFileType = sourcecode.c.c; path = MainApp.c; sourceTree = "<group>"; };
		B57609DF2111CAEF0075DFF4 /* View.yaml */ = {isa = PBXFileReference; lastKnownFileType = text; path = View.yaml; sourceTree = "<group>"; };
		B57609E12111CB0D0075DFF4 /* View+GeneratedYaml.h */ = {isa = PBXFileReference; lastKnownFileType = sourcecode.c.h; path = "View+GeneratedYaml.h"; sourceTree = "<group>"; };
		B57609E22111CB760075DFF4 /* View.h */ = {isa = PBXFileReference; lastKnownFileType = sourcecode.c.h; path = View.h; sourceTree = "<group>"; };
		B57609E32111CB760075DFF4 /* View.c */ = {isa = PBXFileReference; lastKnownFileType = sourcecode.c.c; path = View.c; sourceTree = "<group>"; };
		B5E2680021131173005447DB /* IARelativeLayout.h */ = {isa = PBXFileReference; lastKnownFileType = sourcecode.c.h; path = IARelativeLayout.h; sourceTree = "<group>"; };
		B5E2680121131173005447DB /* IARelativeLayout.c */ = {isa = PBXFileReference; lastKnownFileType = sourcecode.c.c; path = IARelativeLayout.c; sourceTree = "<group>"; };
		B5E2680321131180005447DB /* IAAbsoluteLayout.h */ = {isa = PBXFileReference; lastKnownFileType = sourcecode.c.h; path = IAAbsoluteLayout.h; sourceTree = "<group>"; };
		B5E2680421131180005447DB /* IAAbsoluteLayout.c */ = {isa = PBXFileReference; lastKnownFileType = sourcecode.c.c; path = IAAbsoluteLayout.c; sourceTree = "<group>"; };
		B5E2680621131218005447DB /* IAGridLayout.h */ = {isa = PBXFileReference; lastKnownFileType = sourcecode.c.h; path = IAGridLayout.h; sourceTree = "<group>"; };
		B5E2680721131218005447DB /* IAGridLayout.c */ = {isa = PBXFileReference; lastKnownFileType = sourcecode.c.c; path = IAGridLayout.c; sourceTree = "<group>"; };
		B5E2680921131654005447DB /* IALayout.h */ = {isa = PBXFileReference; lastKnownFileType = sourcecode.c.h; path = IALayout.h; sourceTree = "<group>"; };
		B5E2680A21131654005447DB /* IALayout.c */ = {isa = PBXFileReference; lastKnownFileType = sourcecode.c.c; path = IALayout.c; sourceTree = "<group>"; };
		B5E2680C21131663005447DB /* IALayoutElement.h */ = {isa = PBXFileReference; lastKnownFileType = sourcecode.c.h; path = IALayoutElement.h; sourceTree = "<group>"; };
		B5E2680D21131663005447DB /* IALayoutElement.c */ = {isa = PBXFileReference; lastKnownFileType = sourcecode.c.c; path = IALayoutElement.c; sourceTree = "<group>"; };
		B5E2680F21131FD9005447DB /* IALayoutElementAttributes.h */ = {isa = PBXFileReference; lastKnownFileType = sourcecode.c.h; path = IALayoutElementAttributes.h; sourceTree = "<group>"; };
		B5E2681021131FD9005447DB /* IALayoutElementAttributes.c */ = {isa = PBXFileReference; lastKnownFileType = sourcecode.c.c; path = IALayoutElementAttributes.c; sourceTree = "<group>"; };
		B5E2681221132051005447DB /* IALayoutAttributes.h */ = {isa = PBXFileReference; lastKnownFileType = sourcecode.c.h; path = IALayoutAttributes.h; sourceTree = "<group>"; };
		B5E2681321132051005447DB /* IALayoutAttributes.c */ = {isa = PBXFileReference; lastKnownFileType = sourcecode.c.c; path = IALayoutAttributes.c; sourceTree = "<group>"; };
		B5E2681521133117005447DB /* IALayoutScaling.h */ = {isa = PBXFileReference; lastKnownFileType = sourcecode.c.h; path = IALayoutScaling.h; sourceTree = "<group>"; };
/* End PBXFileReference section */

/* Begin PBXFrameworksBuildPhase section */
		B564ECC3210EFAC4004B05D0 /* Frameworks */ = {
			isa = PBXFrameworksBuildPhase;
			buildActionMask = 2147483647;
			files = (
				B564ED2B210EFBFA004B05D0 /* libCLib.a in Frameworks */,
				B564ED24210EFBFA004B05D0 /* libExpat.a in Frameworks */,
				B564ED26210EFBFA004B05D0 /* libInputOutput.a in Frameworks */,
				B564ED28210EFBFA004B05D0 /* libMathLib.a in Frameworks */,
				B564ED2A210EFBFA004B05D0 /* libMultiTouch.a in Frameworks */,
				B564ED2C210EFBFA004B05D0 /* libOpenGL.a in Frameworks */,
				B564ED2D210EFBFA004B05D0 /* libOpenGLRenderer.a in Frameworks */,
			);
			runOnlyForDeploymentPostprocessing = 0;
		};
/* End PBXFrameworksBuildPhase section */

/* Begin PBXGroup section */
		B53B2D79211AC4C400A08189 /* custom */ = {
			isa = PBXGroup;
			children = (
				B53B2D7A211AC4E500A08189 /* Resources.h */,
				B53B2D7B211AC4E500A08189 /* Resources.c */,
			);
			path = custom;
			sourceTree = "<group>";
		};
		B564ECBD210EFAC4004B05D0 = {
			isa = PBXGroup;
			children = (
				B564ECFF210EFBD0004B05D0 /* CLib.xcodeproj */,
				B564ED16210EFBDD004B05D0 /* OpenGL.xcodeproj */,
				B564ED05210EFBD6004B05D0 /* OpenGLRenderer.xcodeproj */,
				B564ECC8210EFAC4004B05D0 /* yaml */,
				B564ECC7210EFAC4004B05D0 /* Products */,
				B564ED22210EFBFA004B05D0 /* Frameworks */,
			);
			sourceTree = "<group>";
		};
		B564ECC7210EFAC4004B05D0 /* Products */ = {
			isa = PBXGroup;
			children = (
				B564ECC6210EFAC4004B05D0 /* yaml.app */,
			);
			name = Products;
			sourceTree = "<group>";
		};
		B564ECC8210EFAC4004B05D0 /* yaml */ = {
			isa = PBXGroup;
			children = (
				B564ED4F210F008B004B05D0 /* c */,
				B564ECC9210EFAC4004B05D0 /* AppDelegate.h */,
				B564ECCA210EFAC4004B05D0 /* AppDelegate.m */,
				B564ECCC210EFAC4004B05D0 /* ViewController.h */,
				B564ECCD210EFAC4004B05D0 /* ViewController.m */,
				B564ECCF210EFAC4004B05D0 /* Main.storyboard */,
				B564ECD2210EFAC5004B05D0 /* Assets.xcassets */,
				B564ECD7210EFAC5004B05D0 /* Info.plist */,
				B564ECD8210EFAC5004B05D0 /* main.m */,
				B564ED4D210EFF73004B05D0 /* LaunchScreen.storyboard */,
			);
			path = yaml;
			sourceTree = "<group>";
		};
		B564ED00210EFBD0004B05D0 /* Products */ = {
			isa = PBXGroup;
			children = (
				B564ED04210EFBD0004B05D0 /* libCLib.a */,
			);
			name = Products;
			sourceTree = "<group>";
		};
		B564ED06210EFBD6004B05D0 /* Products */ = {
			isa = PBXGroup;
			children = (
				B564ED15210EFBD6004B05D0 /* libOpenGLRenderer.a */,
			);
			name = Products;
			sourceTree = "<group>";
		};
		B564ED17210EFBDD004B05D0 /* Products */ = {
			isa = PBXGroup;
			children = (
				B564ED1B210EFBDD004B05D0 /* libOpenGL.a */,
			);
			name = Products;
			sourceTree = "<group>";
		};
		B564ED22210EFBFA004B05D0 /* Frameworks */ = {
			isa = PBXGroup;
			children = (
				B564ED23210EFBFA004B05D0 /* libExpat.a */,
				B564ED25210EFBFA004B05D0 /* libInputOutput.a */,
				B564ED27210EFBFA004B05D0 /* libMathLib.a */,
				B564ED29210EFBFA004B05D0 /* libMultiTouch.a */,
			);
			name = Frameworks;
			sourceTree = "<group>";
		};
		B564ED4F210F008B004B05D0 /* c */ = {
			isa = PBXGroup;
			children = (
				B564ED50210F008B004B05D0 /* shared */,
			);
			name = c;
			path = ../../c;
			sourceTree = "<group>";
		};
		B564ED50210F008B004B05D0 /* shared */ = {
			isa = PBXGroup;
			children = (
				B53B2D79211AC4C400A08189 /* custom */,
				B5E267FF21131167005447DB /* layout */,
				B59CCF6A2111BA4D008ED2F4 /* views */,
				B564ED51210F01C6004B05D0 /* MainApp.h */,
				B564ED52210F01C6004B05D0 /* MainApp.c */,
			);
			path = shared;
			sourceTree = "<group>";
		};
		B59CCF6A2111BA4D008ED2F4 /* views */ = {
			isa = PBXGroup;
			children = (
				B57609DF2111CAEF0075DFF4 /* View.yaml */,
				B57609E12111CB0D0075DFF4 /* View+GeneratedYaml.h */,
				B57609E22111CB760075DFF4 /* View.h */,
				B57609E32111CB760075DFF4 /* View.c */,
			);
			path = views;
			sourceTree = "<group>";
		};
		B5E267FF21131167005447DB /* layout */ = {
			isa = PBXGroup;
			children = (
				B5E2680921131654005447DB /* IALayout.h */,
				B5E2680A21131654005447DB /* IALayout.c */,
				B5E2681221132051005447DB /* IALayoutAttributes.h */,
				B5E2681321132051005447DB /* IALayoutAttributes.c */,
				B5E2680C21131663005447DB /* IALayoutElement.h */,
				B5E2680D21131663005447DB /* IALayoutElement.c */,
				B5E2680F21131FD9005447DB /* IALayoutElementAttributes.h */,
				B5E2681021131FD9005447DB /* IALayoutElementAttributes.c */,
				B5E2681521133117005447DB /* IALayoutScaling.h */,
				B5E2680021131173005447DB /* IARelativeLayout.h */,
				B5E2680121131173005447DB /* IARelativeLayout.c */,
				B5E2680321131180005447DB /* IAAbsoluteLayout.h */,
				B5E2680421131180005447DB /* IAAbsoluteLayout.c */,
				B5E2680621131218005447DB /* IAGridLayout.h */,
				B5E2680721131218005447DB /* IAGridLayout.c */,
			);
			path = layout;
			sourceTree = "<group>";
		};
/* End PBXGroup section */

/* Begin PBXNativeTarget section */
		B564ECC5210EFAC4004B05D0 /* yaml */ = {
			isa = PBXNativeTarget;
			buildConfigurationList = B564ECDC210EFAC5004B05D0 /* Build configuration list for PBXNativeTarget "yaml" */;
			buildPhases = (
				B564ECC2210EFAC4004B05D0 /* Sources */,
				B564ECC3210EFAC4004B05D0 /* Frameworks */,
				B564ECC4210EFAC4004B05D0 /* Resources */,
			);
			buildRules = (
			);
			dependencies = (
				B564ED1D210EFBF3004B05D0 /* PBXTargetDependency */,
				B564ED1F210EFBF3004B05D0 /* PBXTargetDependency */,
				B564ED21210EFBF3004B05D0 /* PBXTargetDependency */,
			);
			name = yaml;
			productName = yaml;
			productReference = B564ECC6210EFAC4004B05D0 /* yaml.app */;
			productType = "com.apple.product-type.application";
		};
/* End PBXNativeTarget section */

/* Begin PBXProject section */
		B564ECBE210EFAC4004B05D0 /* Project object */ = {
			isa = PBXProject;
			attributes = {
				LastUpgradeCheck = 0930;
				ORGANIZATIONNAME = "Konstantin Merker, Paul Wallrabe und Martin Krautschick GbR (Imps Apps)";
				TargetAttributes = {
					B564ECC5210EFAC4004B05D0 = {
						CreatedOnToolsVersion = 9.3;
					};
				};
			};
			buildConfigurationList = B564ECC1210EFAC4004B05D0 /* Build configuration list for PBXProject "yaml" */;
			compatibilityVersion = "Xcode 9.3";
			developmentRegion = en;
			hasScannedForEncodings = 0;
			knownRegions = (
				en,
				Base,
			);
			mainGroup = B564ECBD210EFAC4004B05D0;
			productRefGroup = B564ECC7210EFAC4004B05D0 /* Products */;
			projectDirPath = "";
			projectReferences = (
				{
					ProductGroup = B564ED00210EFBD0004B05D0 /* Products */;
					ProjectRef = B564ECFF210EFBD0004B05D0 /* CLib.xcodeproj */;
				},
				{
					ProductGroup = B564ED17210EFBDD004B05D0 /* Products */;
					ProjectRef = B564ED16210EFBDD004B05D0 /* OpenGL.xcodeproj */;
				},
				{
					ProductGroup = B564ED06210EFBD6004B05D0 /* Products */;
					ProjectRef = B564ED05210EFBD6004B05D0 /* OpenGLRenderer.xcodeproj */;
				},
			);
			projectRoot = "";
			targets = (
				B564ECC5210EFAC4004B05D0 /* yaml */,
			);
		};
/* End PBXProject section */

/* Begin PBXReferenceProxy section */
		B564ED04210EFBD0004B05D0 /* libCLib.a */ = {
			isa = PBXReferenceProxy;
			fileType = archive.ar;
			path = libCLib.a;
			remoteRef = B564ED03210EFBD0004B05D0 /* PBXContainerItemProxy */;
			sourceTree = BUILT_PRODUCTS_DIR;
		};
		B564ED15210EFBD6004B05D0 /* libOpenGLRenderer.a */ = {
			isa = PBXReferenceProxy;
			fileType = archive.ar;
			path = libOpenGLRenderer.a;
			remoteRef = B564ED14210EFBD6004B05D0 /* PBXContainerItemProxy */;
			sourceTree = BUILT_PRODUCTS_DIR;
		};
		B564ED1B210EFBDD004B05D0 /* libOpenGL.a */ = {
			isa = PBXReferenceProxy;
			fileType = archive.ar;
			path = libOpenGL.a;
			remoteRef = B564ED1A210EFBDD004B05D0 /* PBXContainerItemProxy */;
			sourceTree = BUILT_PRODUCTS_DIR;
		};
/* End PBXReferenceProxy section */

/* Begin PBXResourcesBuildPhase section */
		B564ECC4210EFAC4004B05D0 /* Resources */ = {
			isa = PBXResourcesBuildPhase;
			buildActionMask = 2147483647;
			files = (
				B564ED4E210EFF73004B05D0 /* LaunchScreen.storyboard in Resources */,
				B57609E02111CAEF0075DFF4 /* View.yaml in Resources */,
				B564ECD3210EFAC5004B05D0 /* Assets.xcassets in Resources */,
				B564ECD1210EFAC4004B05D0 /* Main.storyboard in Resources */,
			);
			runOnlyForDeploymentPostprocessing = 0;
		};
/* End PBXResourcesBuildPhase section */

/* Begin PBXSourcesBuildPhase section */
		B564ECC2210EFAC4004B05D0 /* Sources */ = {
			isa = PBXSourcesBuildPhase;
			buildActionMask = 2147483647;
			files = (
				B5E2681421132051005447DB /* IALayoutAttributes.c in Sources */,
				B57609E42111CB760075DFF4 /* View.c in Sources */,
				B564ED53210F01C6004B05D0 /* MainApp.c in Sources */,
				B5E2680521131180005447DB /* IAAbsoluteLayout.c in Sources */,
				B564ECCE210EFAC4004B05D0 /* ViewController.m in Sources */,
				B53B2D7C211AC4E500A08189 /* Resources.c in Sources */,
				B5E2681121131FD9005447DB /* IALayoutElementAttributes.c in Sources */,
				B5E2680E21131663005447DB /* IALayoutElement.c in Sources */,
				B564ECD9210EFAC5004B05D0 /* main.m in Sources */,
				B5E2680821131218005447DB /* IAGridLayout.c in Sources */,
				B5E2680B21131654005447DB /* IALayout.c in Sources */,
				B564ECCB210EFAC4004B05D0 /* AppDelegate.m in Sources */,
				B5E2680221131173005447DB /* IARelativeLayout.c in Sources */,
			);
			runOnlyForDeploymentPostprocessing = 0;
		};
/* End PBXSourcesBuildPhase section */

/* Begin PBXTargetDependency section */
		B564ED1D210EFBF3004B05D0 /* PBXTargetDependency */ = {
			isa = PBXTargetDependency;
			name = CLib;
			targetProxy = B564ED1C210EFBF3004B05D0 /* PBXContainerItemProxy */;
		};
		B564ED1F210EFBF3004B05D0 /* PBXTargetDependency */ = {
			isa = PBXTargetDependency;
			name = OpenGL;
			targetProxy = B564ED1E210EFBF3004B05D0 /* PBXContainerItemProxy */;
		};
		B564ED21210EFBF3004B05D0 /* PBXTargetDependency */ = {
			isa = PBXTargetDependency;
			name = OpenGLRenderer;
			targetProxy = B564ED20210EFBF3004B05D0 /* PBXContainerItemProxy */;
		};
/* End PBXTargetDependency section */

/* Begin PBXVariantGroup section */
		B564ECCF210EFAC4004B05D0 /* Main.storyboard */ = {
			isa = PBXVariantGroup;
			children = (
				B564ECD0210EFAC4004B05D0 /* Base */,
			);
			name = Main.storyboard;
			sourceTree = "<group>";
		};
/* End PBXVariantGroup section */

/* Begin XCBuildConfiguration section */
		B564ECDA210EFAC5004B05D0 /* Debug */ = {
			isa = XCBuildConfiguration;
			buildSettings = {
				ALWAYS_SEARCH_USER_PATHS = NO;
				CLANG_ANALYZER_NONNULL = YES;
				CLANG_ANALYZER_NUMBER_OBJECT_CONVERSION = YES_AGGRESSIVE;
				CLANG_CXX_LANGUAGE_STANDARD = "gnu++14";
				CLANG_CXX_LIBRARY = "libc++";
				CLANG_ENABLE_MODULES = YES;
				CLANG_ENABLE_OBJC_ARC = YES;
				CLANG_ENABLE_OBJC_WEAK = YES;
				CLANG_WARN_BLOCK_CAPTURE_AUTORELEASING = YES;
				CLANG_WARN_BOOL_CONVERSION = YES;
				CLANG_WARN_COMMA = YES;
				CLANG_WARN_CONSTANT_CONVERSION = YES;
				CLANG_WARN_DEPRECATED_OBJC_IMPLEMENTATIONS = YES;
				CLANG_WARN_DIRECT_OBJC_ISA_USAGE = YES_ERROR;
				CLANG_WARN_DOCUMENTATION_COMMENTS = YES;
				CLANG_WARN_EMPTY_BODY = YES;
				CLANG_WARN_ENUM_CONVERSION = YES;
				CLANG_WARN_INFINITE_RECURSION = YES;
				CLANG_WARN_INT_CONVERSION = YES;
				CLANG_WARN_NON_LITERAL_NULL_CONVERSION = YES;
				CLANG_WARN_OBJC_IMPLICIT_RETAIN_SELF = YES;
				CLANG_WARN_OBJC_LITERAL_CONVERSION = YES;
				CLANG_WARN_OBJC_ROOT_CLASS = YES_ERROR;
				CLANG_WARN_RANGE_LOOP_ANALYSIS = YES;
				CLANG_WARN_STRICT_PROTOTYPES = YES;
				CLANG_WARN_SUSPICIOUS_MOVE = YES;
				CLANG_WARN_UNGUARDED_AVAILABILITY = YES_AGGRESSIVE;
				CLANG_WARN_UNREACHABLE_CODE = YES;
				CLANG_WARN__DUPLICATE_METHOD_MATCH = YES;
				CODE_SIGN_IDENTITY = "iPhone Developer";
				COPY_PHASE_STRIP = NO;
				DEBUG_INFORMATION_FORMAT = dwarf;
				ENABLE_STRICT_OBJC_MSGSEND = YES;
				ENABLE_TESTABILITY = YES;
				GCC_C_LANGUAGE_STANDARD = gnu11;
				GCC_DYNAMIC_NO_PIC = NO;
				GCC_NO_COMMON_BLOCKS = YES;
				GCC_OPTIMIZATION_LEVEL = 0;
				GCC_PREPROCESSOR_DEFINITIONS = (
					"DEBUG=1",
					"$(inherited)",
				);
				GCC_WARN_64_TO_32_BIT_CONVERSION = YES;
				GCC_WARN_ABOUT_RETURN_TYPE = YES_ERROR;
				GCC_WARN_UNDECLARED_SELECTOR = YES;
				GCC_WARN_UNINITIALIZED_AUTOS = YES_AGGRESSIVE;
				GCC_WARN_UNUSED_FUNCTION = YES;
				GCC_WARN_UNUSED_VARIABLE = YES;
				IPHONEOS_DEPLOYMENT_TARGET = 11.3;
				MTL_ENABLE_DEBUG_INFO = YES;
				ONLY_ACTIVE_ARCH = YES;
				SDKROOT = iphoneos;
				USER_HEADER_SEARCH_PATHS = "$(PROJECT_DIR)/../impsengine/include/ios/**";
			};
			name = Debug;
		};
		B564ECDB210EFAC5004B05D0 /* Release */ = {
			isa = XCBuildConfiguration;
			buildSettings = {
				ALWAYS_SEARCH_USER_PATHS = NO;
				CLANG_ANALYZER_NONNULL = YES;
				CLANG_ANALYZER_NUMBER_OBJECT_CONVERSION = YES_AGGRESSIVE;
				CLANG_CXX_LANGUAGE_STANDARD = "gnu++14";
				CLANG_CXX_LIBRARY = "libc++";
				CLANG_ENABLE_MODULES = YES;
				CLANG_ENABLE_OBJC_ARC = YES;
				CLANG_ENABLE_OBJC_WEAK = YES;
				CLANG_WARN_BLOCK_CAPTURE_AUTORELEASING = YES;
				CLANG_WARN_BOOL_CONVERSION = YES;
				CLANG_WARN_COMMA = YES;
				CLANG_WARN_CONSTANT_CONVERSION = YES;
				CLANG_WARN_DEPRECATED_OBJC_IMPLEMENTATIONS = YES;
				CLANG_WARN_DIRECT_OBJC_ISA_USAGE = YES_ERROR;
				CLANG_WARN_DOCUMENTATION_COMMENTS = YES;
				CLANG_WARN_EMPTY_BODY = YES;
				CLANG_WARN_ENUM_CONVERSION = YES;
				CLANG_WARN_INFINITE_RECURSION = YES;
				CLANG_WARN_INT_CONVERSION = YES;
				CLANG_WARN_NON_LITERAL_NULL_CONVERSION = YES;
				CLANG_WARN_OBJC_IMPLICIT_RETAIN_SELF = YES;
				CLANG_WARN_OBJC_LITERAL_CONVERSION = YES;
				CLANG_WARN_OBJC_ROOT_CLASS = YES_ERROR;
				CLANG_WARN_RANGE_LOOP_ANALYSIS = YES;
				CLANG_WARN_STRICT_PROTOTYPES = YES;
				CLANG_WARN_SUSPICIOUS_MOVE = YES;
				CLANG_WARN_UNGUARDED_AVAILABILITY = YES_AGGRESSIVE;
				CLANG_WARN_UNREACHABLE_CODE = YES;
				CLANG_WARN__DUPLICATE_METHOD_MATCH = YES;
				CODE_SIGN_IDENTITY = "iPhone Developer";
				COPY_PHASE_STRIP = NO;
				DEBUG_INFORMATION_FORMAT = "dwarf-with-dsym";
				ENABLE_NS_ASSERTIONS = NO;
				ENABLE_STRICT_OBJC_MSGSEND = YES;
				GCC_C_LANGUAGE_STANDARD = gnu11;
				GCC_NO_COMMON_BLOCKS = YES;
				GCC_WARN_64_TO_32_BIT_CONVERSION = YES;
				GCC_WARN_ABOUT_RETURN_TYPE = YES_ERROR;
				GCC_WARN_UNDECLARED_SELECTOR = YES;
				GCC_WARN_UNINITIALIZED_AUTOS = YES_AGGRESSIVE;
				GCC_WARN_UNUSED_FUNCTION = YES;
				GCC_WARN_UNUSED_VARIABLE = YES;
				IPHONEOS_DEPLOYMENT_TARGET = 11.3;
				MTL_ENABLE_DEBUG_INFO = NO;
				SDKROOT = iphoneos;
				USER_HEADER_SEARCH_PATHS = "$(PROJECT_DIR)/../impsengine/include/ios/**";
				VALIDATE_PRODUCT = YES;
			};
			name = Release;
		};
		B564ECDD210EFAC5004B05D0 /* Debug */ = {
			isa = XCBuildConfiguration;
			buildSettings = {
				ASSETCATALOG_COMPILER_APPICON_NAME = AppIcon;
				CODE_SIGN_STYLE = Automatic;
				DEVELOPMENT_TEAM = T53YPCP5K3;
				INFOPLIST_FILE = yaml/Info.plist;
				LD_RUNPATH_SEARCH_PATHS = (
					"$(inherited)",
					"@executable_path/Frameworks",
				);
				PRODUCT_BUNDLE_IDENTIFIER = com.impsapps.yaml;
				PRODUCT_NAME = "$(TARGET_NAME)";
				TARGETED_DEVICE_FAMILY = "1,2";
			};
			name = Debug;
		};
		B564ECDE210EFAC5004B05D0 /* Release */ = {
			isa = XCBuildConfiguration;
			buildSettings = {
				ASSETCATALOG_COMPILER_APPICON_NAME = AppIcon;
				CODE_SIGN_STYLE = Automatic;
				DEVELOPMENT_TEAM = T53YPCP5K3;
				INFOPLIST_FILE = yaml/Info.plist;
				LD_RUNPATH_SEARCH_PATHS = (
					"$(inherited)",
					"@executable_path/Frameworks",
				);
				PRODUCT_BUNDLE_IDENTIFIER = com.impsapps.yaml;
				PRODUCT_NAME = "$(TARGET_NAME)";
				TARGETED_DEVICE_FAMILY = "1,2";
			};
			name = Release;
		};
/* End XCBuildConfiguration section */

/* Begin XCConfigurationList section */
		B564ECC1210EFAC4004B05D0 /* Build configuration list for PBXProject "yaml" */ = {
			isa = XCConfigurationList;
			buildConfigurations = (
				B564ECDA210EFAC5004B05D0 /* Debug */,
				B564ECDB210EFAC5004B05D0 /* Release */,
			);
			defaultConfigurationIsVisible = 0;
			defaultConfigurationName = Release;
		};
		B564ECDC210EFAC5004B05D0 /* Build configuration list for PBXNativeTarget "yaml" */ = {
			isa = XCConfigurationList;
			buildConfigurations = (
				B564ECDD210EFAC5004B05D0 /* Debug */,
				B564ECDE210EFAC5004B05D0 /* Release */,
			);
			defaultConfigurationIsVisible = 0;
			defaultConfigurationName = Release;
		};
/* End XCConfigurationList section */
	};
	rootObject = B564ECBE210EFAC4004B05D0 /* Project object */;
}
