<?xml version="1.0" encoding="utf-8"?>
<Project ToolsVersion="15.0" xmlns="http://schemas.microsoft.com/developer/msbuild/2003">
  <ItemGroup>
    <ClCompile Include="C:\diplomarbeit\impsengine\modules\common\opengl-renderer\c\shared\IAAppEntryPoint.c">
      <Filter>shared</Filter>
    </ClCompile>
    <ClCompile Include="C:\diplomarbeit\impsengine\modules\common\opengl-renderer\c\shared\main\IAApp.c">
      <Filter>shared\main</Filter>
    </ClCompile>
    <ClCompile Include="C:\diplomarbeit\impsengine\modules\common\opengl-renderer\c\shared\main\IAAppAttributes.c">
      <Filter>shared\main</Filter>
    </ClCompile>
    <ClCompile Include="C:\diplomarbeit\impsengine\modules\common\opengl-renderer\c\shared\main\IAAppHandler.c">
      <Filter>shared\main</Filter>
    </ClCompile>
  </ItemGroup>
  <ItemGroup>
    <ClInclude Include="C:\diplomarbeit\impsengine\modules\common\opengl-renderer\c\shared\IAAppEntryPoint+Core.h">
      <Filter>shared</Filter>
    </ClInclude>
    <ClInclude Include="C:\diplomarbeit\impsengine\modules\common\opengl-renderer\c\shared\IAAppEntryPoint.h">
      <Filter>shared</Filter>
    </ClInclude>
    <ClInclude Include="C:\diplomarbeit\impsengine\modules\common\opengl-renderer\c\shared\main\IAApp.h">
      <Filter>shared\main</Filter>
    </ClInclude>
    <ClInclude Include="C:\diplomarbeit\impsengine\modules\common\opengl-renderer\c\shared\main\IAAppAttributes.h">
      <Filter>shared\main</Filter>
    </ClInclude>
    <ClInclude Include="C:\diplomarbeit\impsengine\modules\common\opengl-renderer\c\shared\main\IAAppHandler+Native.h">
      <Filter>shared\main</Filter>
    </ClInclude>
    <ClInclude Include="C:\diplomarbeit\impsengine\modules\common\opengl-renderer\c\shared\main\IAAppHandler.h">
      <Filter>shared\main</Filter>
    </ClInclude>
    <ClInclude Include="C:\diplomarbeit\impsengine\modules\common\opengl-renderer\c\shared\main\opengl-surface-options\IAColorFormat.h">
      <Filter>shared\main\opengl-surface-options</Filter>
    </ClInclude>
    <ClInclude Include="C:\diplomarbeit\impsengine\modules\common\opengl-renderer\c\shared\main\opengl-surface-options\IADepthFormat.h">
      <Filter>shared\main\opengl-surface-options</Filter>
    </ClInclude>
    <ClInclude Include="C:\diplomarbeit\impsengine\modules\common\opengl-renderer\c\shared\main\opengl-surface-options\IAInterfaceOrientationMask.h">
      <Filter>shared\main\opengl-surface-options</Filter>
    </ClInclude>
    <ClInclude Include="C:\diplomarbeit\impsengine\modules\common\opengl-renderer\c\shared\main\opengl-surface-options\IAMultisample.h">
      <Filter>shared\main\opengl-surface-options</Filter>
    </ClInclude>
    <ClInclude Include="C:\diplomarbeit\impsengine\modules\common\opengl-renderer\c\shared\main\opengl-surface-options\IAStencilFormat.h">
      <Filter>shared\main\opengl-surface-options</Filter>
    </ClInclude>
  </ItemGroup>
  <ItemGroup>
    <Filter Include="shared">
      <UniqueIdentifier>{84A37672-9644-3850-88DC-33E85D49E8F9}</UniqueIdentifier>
    </Filter>
    <Filter Include="shared\main">
      <UniqueIdentifier>{04E0B5B3-0169-3155-9BF1-2DDEFC669125}</UniqueIdentifier>
    </Filter>
    <Filter Include="shared\main\opengl-surface-options">
      <UniqueIdentifier>{B4F26C5B-17A2-31B2-A1A3-261C4248067F}</UniqueIdentifier>
    </Filter>
  </ItemGroup>
</Project>
